
Microsoft Visual Studio Solution File, Format Version 12.00
# Visual Studio Version 16
VisualStudioVersion = 16.0.30523.141
MinimumVisualStudioVersion = 10.0.40219.1
Project("{FAE04EC0-301F-11D3-BF4B-00C04F79EFBC}") = "AnnotationsDemo", "AnnotationsDemo.csproj", "{A9E642D7-5864-466D-BCAB-829E5F279D95}"
EndProject
Global
	GlobalSection(SolutionConfigurationPlatforms) = preSolution
		Debug|Any CPU = Debug|Any CPU
		Release|Any CPU = Release|Any CPU
	EndGlobalSection
	GlobalSection(ProjectConfigurationPlatforms) = postSolution
		{A9E642D7-5864-466D-BCAB-829E5F279D95}.Debug|Any CPU.ActiveCfg = Debug|Any CPU
		{A9E642D7-5864-466D-BCAB-829E5F279D95}.Debug|Any CPU.Build.0 = Debug|Any CPU
		{A9E642D7-5864-466D-BCAB-829E5F279D95}.Release|Any CPU.ActiveCfg = Release|Any CPU
		{A9E642D7-5864-466D-BCAB-829E5F279D95}.Release|Any CPU.Build.0 = Release|Any CPU
	EndGlobalSection
	GlobalSection(SolutionProperties) = preSolution
		HideSolutionNode = FALSE
	EndGlobalSection
	GlobalSection(ExtensibilityGlobals) = postSolution
		SolutionGuid = {CF7DF429-23A4-4524-84C5-E37E214F350A}
	EndGlobalSection
EndGlobal
